
Microsoft Visual Studio Solution File, Format Version 12.00
# Visual Studio Version 17
VisualStudioVersion = 17.14.36301.6
MinimumVisualStudioVersion = 10.0.40219.1
Project("{2150E333-8FDC-42A3-9474-1A3956D46DE8}") = "Account", "Account", "{866773AA-3AF0-49A9-95E6-A57106EE4B1B}"
EndProject
Project("{FAE04EC0-301F-11D3-BF4B-00C04F79EFBC}") = "Account.Api", "Account.Api\Account.Api.csproj", "{E655C2E4-C372-4865-AF5B-2DF47633B9CF}"
EndProject
Project("{2150E333-8FDC-42A3-9474-1A3956D46DE8}") = "Inputs", "Inputs", "{96AA3CC1-3220-482F-BF7E-D30B4AE9F2E5}"
EndProject
Project("{FAE04EC0-301F-11D3-BF4B-00C04F79EFBC}") = "Input.Api", "Input.Api\Input.Api.csproj", "{47280ABA-9D37-4BBB-984F-18BA003E33BA}"
EndProject
Project("{2150E333-8FDC-42A3-9474-1A3956D46DE8}") = "Shared", "Shared", "{D19FA12A-3AF7-489E-AA73-EB2492D7E03E}"
EndProject
Project("{FAE04EC0-301F-11D3-BF4B-00C04F79EFBC}") = "SharedProj", "SharedProj\SharedProj.csproj", "{C4BA0AB5-9B13-4997-A188-81D67ED16994}"
EndProject
Project("{2150E333-8FDC-42A3-9474-1A3956D46DE8}") = "Orchestrators", "Orchestrators", "{C64764A9-5A7D-468F-98BC-4616E67F5EBC}"
EndProject
Project("{FAE04EC0-301F-11D3-BF4B-00C04F79EFBC}") = "Orchestrator.Api", "Orchestrator.Api\Orchestrator.Api.csproj", "{C5F4FC41-CA24-4FDE-B379-E315088603E3}"
EndProject
Project("{2150E333-8FDC-42A3-9474-1A3956D46DE8}") = "Contract", "Contract", "{02EA681E-C7D8-13C7-8484-4AC65E1B71E8}"
EndProject
Project("{FAE04EC0-301F-11D3-BF4B-00C04F79EFBC}") = "Contract.Api", "Contract.Api\Contract.Api.csproj", "{D03DCB24-19C1-4157-8772-57AA80828E3C}"
EndProject
Global
	GlobalSection(SolutionConfigurationPlatforms) = preSolution
		Debug|Any CPU = Debug|Any CPU
		Release|Any CPU = Release|Any CPU
	EndGlobalSection
	GlobalSection(ProjectConfigurationPlatforms) = postSolution
		{E655C2E4-C372-4865-AF5B-2DF47633B9CF}.Debug|Any CPU.ActiveCfg = Debug|Any CPU
		{E655C2E4-C372-4865-AF5B-2DF47633B9CF}.Debug|Any CPU.Build.0 = Debug|Any CPU
		{E655C2E4-C372-4865-AF5B-2DF47633B9CF}.Release|Any CPU.ActiveCfg = Release|Any CPU
		{E655C2E4-C372-4865-AF5B-2DF47633B9CF}.Release|Any CPU.Build.0 = Release|Any CPU
		{47280ABA-9D37-4BBB-984F-18BA003E33BA}.Debug|Any CPU.ActiveCfg = Debug|Any CPU
		{47280ABA-9D37-4BBB-984F-18BA003E33BA}.Debug|Any CPU.Build.0 = Debug|Any CPU
		{47280ABA-9D37-4BBB-984F-18BA003E33BA}.Release|Any CPU.ActiveCfg = Release|Any CPU
		{47280ABA-9D37-4BBB-984F-18BA003E33BA}.Release|Any CPU.Build.0 = Release|Any CPU
		{C4BA0AB5-9B13-4997-A188-81D67ED16994}.Debug|Any CPU.ActiveCfg = Debug|Any CPU
		{C4BA0AB5-9B13-4997-A188-81D67ED16994}.Debug|Any CPU.Build.0 = Debug|Any CPU
		{C4BA0AB5-9B13-4997-A188-81D67ED16994}.Release|Any CPU.ActiveCfg = Release|Any CPU
		{C4BA0AB5-9B13-4997-A188-81D67ED16994}.Release|Any CPU.Build.0 = Release|Any CPU
		{C5F4FC41-CA24-4FDE-B379-E315088603E3}.Debug|Any CPU.ActiveCfg = Debug|Any CPU
		{C5F4FC41-CA24-4FDE-B379-E315088603E3}.Debug|Any CPU.Build.0 = Debug|Any CPU
		{C5F4FC41-CA24-4FDE-B379-E315088603E3}.Release|Any CPU.ActiveCfg = Release|Any CPU
		{C5F4FC41-CA24-4FDE-B379-E315088603E3}.Release|Any CPU.Build.0 = Release|Any CPU
		{D03DCB24-19C1-4157-8772-57AA80828E3C}.Debug|Any CPU.ActiveCfg = Debug|Any CPU
		{D03DCB24-19C1-4157-8772-57AA80828E3C}.Debug|Any CPU.Build.0 = Debug|Any CPU
		{D03DCB24-19C1-4157-8772-57AA80828E3C}.Release|Any CPU.ActiveCfg = Release|Any CPU
		{D03DCB24-19C1-4157-8772-57AA80828E3C}.Release|Any CPU.Build.0 = Release|Any CPU
	EndGlobalSection
	GlobalSection(SolutionProperties) = preSolution
		HideSolutionNode = FALSE
	EndGlobalSection
	GlobalSection(NestedProjects) = preSolution
		{E655C2E4-C372-4865-AF5B-2DF47633B9CF} = {866773AA-3AF0-49A9-95E6-A57106EE4B1B}
		{47280ABA-9D37-4BBB-984F-18BA003E33BA} = {96AA3CC1-3220-482F-BF7E-D30B4AE9F2E5}
		{C4BA0AB5-9B13-4997-A188-81D67ED16994} = {D19FA12A-3AF7-489E-AA73-EB2492D7E03E}
		{C5F4FC41-CA24-4FDE-B379-E315088603E3} = {C64764A9-5A7D-468F-98BC-4616E67F5EBC}
		{D03DCB24-19C1-4157-8772-57AA80828E3C} = {02EA681E-C7D8-13C7-8484-4AC65E1B71E8}
	EndGlobalSection
	GlobalSection(ExtensibilityGlobals) = postSolution
		SolutionGuid = {265DAE8E-9E72-4C76-8F8F-F2DEB4F0B14D}
	EndGlobalSection
EndGlobal
